# This file was autogenerated by Stack.
# You should not edit this file by hand.
# For more information, please see the documentation at:
#   https://docs.haskellstack.org/en/stable/lock_files

packages:
- completed:
    commit: 7ebf4741d478635ba2137f6e46b3b1ce7fddf425
    git: https://github.com/theGhostJW/encode-string
    name: encode-string
    pantry-tree:
      sha256: 9eeb777c8038045b41137ff7ac9435df4cdbd13e906b57fdfec565bfd821b639
      size: 583
    version: 0.1.0.0
  original:
    commit: 7ebf4741d478635ba2137f6e46b3b1ce7fddf425
    git: https://github.com/theGhostJW/encode-string
snapshots:
- completed:
    sha256: 859c14182cd0c4d1f9b0f7ff8baaefb15c778278fb0ea2fa90cfea326bb4e62c
    size: 598563
    url: https://raw.githubusercontent.com/commercialhaskell/stackage-snapshots/master/nightly/2023/2/27.yaml
  original: nightly-2023-02-27
